
Microsoft Visual Studio Solution File, Format Version 12.00
# Visual Studio 15
Project("{FAE04EC0-301F-11D3-BF4B-00C04F79EFBC}") = "dotnetapi", "dotnetapi.csproj", "{B576810F-1ABC-4756-90C6-24896237B04F}"
EndProject
Global
	GlobalSection(SolutionConfigurationPlatforms) = preSolution
		Debug|Any CPU = Debug|Any CPU
		Release|Any CPU = Release|Any CPU
	EndGlobalSection
	GlobalSection(ProjectConfigurationPlatforms) = postSolution
		{B576810F-1ABC-4756-90C6-24896237B04F}.Debug|Any CPU.ActiveCfg = Debug|Any CPU
		{B576810F-1ABC-4756-90C6-24896237B04F}.Debug|Any CPU.Build.0 = Debug|Any CPU
		{B576810F-1ABC-4756-90C6-24896237B04F}.Release|Any CPU.ActiveCfg = Release|Any CPU
		{B576810F-1ABC-4756-90C6-24896237B04F}.Release|Any CPU.Build.0 = Release|Any CPU
	EndGlobalSection
EndGlobal
